
Microsoft Visual Studio Solution File, Format Version 12.00
# Visual Studio Version 16
VisualStudioVersion = 16.0.31729.503
MinimumVisualStudioVersion = 10.0.40219.1
Project("{8BC9CEB8-8B4A-11D0-8D11-00A0C91BC942}") = "Task1", "Task1\Task1.vcxproj", "{0E563708-9984-47D5-85E4-628BA4B7339B}"
EndProject
Project("{8BC9CEB8-8B4A-11D0-8D11-00A0C91BC942}") = "Task2", "Task2\Task2.vcxproj", "{24522982-1D2E-4D17-8A72-CC6466D19554}"
EndProject
Global
	GlobalSection(SolutionConfigurationPlatforms) = preSolution
		Debug|x64 = Debug|x64
		Debug|x86 = Debug|x86
		Release|x64 = Release|x64
		Release|x86 = Release|x86
	EndGlobalSection
	GlobalSection(ProjectConfigurationPlatforms) = postSolution
		{0E563708-9984-47D5-85E4-628BA4B7339B}.Debug|x64.ActiveCfg = Debug|x64
		{0E563708-9984-47D5-85E4-628BA4B7339B}.Debug|x64.Build.0 = Debug|x64
		{0E563708-9984-47D5-85E4-628BA4B7339B}.Debug|x86.ActiveCfg = Debug|Win32
		{0E563708-9984-47D5-85E4-628BA4B7339B}.Debug|x86.Build.0 = Debug|Win32
		{0E563708-9984-47D5-85E4-628BA4B7339B}.Release|x64.ActiveCfg = Release|x64
		{0E563708-9984-47D5-85E4-628BA4B7339B}.Release|x64.Build.0 = Release|x64
		{0E563708-9984-47D5-85E4-628BA4B7339B}.Release|x86.ActiveCfg = Release|Win32
		{0E563708-9984-47D5-85E4-628BA4B7339B}.Release|x86.Build.0 = Release|Win32
		{24522982-1D2E-4D17-8A72-CC6466D19554}.Debug|x64.ActiveCfg = Debug|x64
		{24522982-1D2E-4D17-8A72-CC6466D19554}.Debug|x64.Build.0 = Debug|x64
		{24522982-1D2E-4D17-8A72-CC6466D19554}.Debug|x86.ActiveCfg = Debug|Win32
		{24522982-1D2E-4D17-8A72-CC6466D19554}.Debug|x86.Build.0 = Debug|Win32
		{24522982-1D2E-4D17-8A72-CC6466D19554}.Release|x64.ActiveCfg = Release|x64
		{24522982-1D2E-4D17-8A72-CC6466D19554}.Release|x64.Build.0 = Release|x64
		{24522982-1D2E-4D17-8A72-CC6466D19554}.Release|x86.ActiveCfg = Release|Win32
		{24522982-1D2E-4D17-8A72-CC6466D19554}.Release|x86.Build.0 = Release|Win32
	EndGlobalSection
	GlobalSection(SolutionProperties) = preSolution
		HideSolutionNode = FALSE
	EndGlobalSection
	GlobalSection(ExtensibilityGlobals) = postSolution
		SolutionGuid = {FC972B2E-EF98-491E-9BF7-1E4875D55118}
	EndGlobalSection
EndGlobal
